
Microsoft Visual Studio Solution File, Format Version 12.00
# Visual Studio Version 17
VisualStudioVersion = 17.7.34009.444
MinimumVisualStudioVersion = 10.0.40219.1
Project("{888888A0-9F3D-457C-B088-3A5042F75D52}") = "ManejoSensores_Phyton", "ManejoSensores_Phyton\ManejoSensores_Phyton.pyproj", "{DEFD5FCB-9105-4F9C-93B4-691243AE0D28}"
EndProject
Global
	GlobalSection(SolutionConfigurationPlatforms) = preSolution
		Debug|Any CPU = Debug|Any CPU
		Release|Any CPU = Release|Any CPU
	EndGlobalSection
	GlobalSection(ProjectConfigurationPlatforms) = postSolution
		{DEFD5FCB-9105-4F9C-93B4-691243AE0D28}.Debug|Any CPU.ActiveCfg = Debug|Any CPU
		{DEFD5FCB-9105-4F9C-93B4-691243AE0D28}.Release|Any CPU.ActiveCfg = Release|Any CPU
	EndGlobalSection
	GlobalSection(SolutionProperties) = preSolution
		HideSolutionNode = FALSE
	EndGlobalSection
	GlobalSection(ExtensibilityGlobals) = postSolution
		SolutionGuid = {FA795708-0435-4A3E-A13B-C10B51B83AAC}
	EndGlobalSection
EndGlobal
